
Microsoft Visual Studio Solution File, Format Version 12.00
# Visual Studio Version 17
VisualStudioVersion = 17.3.32901.215
MinimumVisualStudioVersion = 10.0.40219.1
Project("{2150E333-8FDC-42A3-9474-1A3956D46DE8}") = "01 Infrastructure", "01 Infrastructure", "{5F036CD8-0FBD-4DB2-B92B-3A4BB552FF09}"
EndProject
Project("{2150E333-8FDC-42A3-9474-1A3956D46DE8}") = "02 DataBase", "02 DataBase", "{0BFD602C-477C-421C-9B01-DE970D9A43A0}"
EndProject
Project("{2150E333-8FDC-42A3-9474-1A3956D46DE8}") = "03 Component", "03 Component", "{5808BF08-74C7-4D00-8CE5-3328EF1AE981}"
EndProject
Project("{2150E333-8FDC-42A3-9474-1A3956D46DE8}") = "04 Support", "04 Support", "{E6CAF6B1-3958-4ABB-A8E4-A0E45D707624}"
EndProject
Project("{9A19103F-16F7-4668-BE54-9A1E7A4F7556}") = "YogoPop.Core", "YogoPop.Core\YogoPop.Core.csproj", "{0FBE6E4C-C782-4F70-9B2E-440B8F5AC2D3}"
EndProject
Project("{9A19103F-16F7-4668-BE54-9A1E7A4F7556}") = "YogoPop.Support", "YogoPop.Support\YogoPop.Support.csproj", "{2E43B693-E354-43D2-9C77-AE5490953C75}"
EndProject
Project("{9A19103F-16F7-4668-BE54-9A1E7A4F7556}") = "YogoPop.Component.Cache", "YogoPop.Component.Cache\YogoPop.Component.Cache.csproj", "{27192D48-FA29-4498-8C1E-616D708558B5}"
EndProject
Project("{9A19103F-16F7-4668-BE54-9A1E7A4F7556}") = "YogoPop.Component.Auth", "YogoPop.Component.Auth\YogoPop.Component.Auth.csproj", "{143599BA-C5AA-4C19-8C86-C569658B81E9}"
EndProject
Project("{9A19103F-16F7-4668-BE54-9A1E7A4F7556}") = "YogoPop.DB.Define", "YogoPop.DB.Define\YogoPop.DB.Define.csproj", "{6B693284-4CE1-42F2-B87B-74E573A55FAB}"
EndProject
Project("{9A19103F-16F7-4668-BE54-9A1E7A4F7556}") = "YogoPop.DB.EFCore", "YogoPop.DB.EFCore\YogoPop.DB.EFCore.csproj", "{A70FC3B6-4CA2-40B8-918B-C905EC12B14F}"
EndProject
Project("{9A19103F-16F7-4668-BE54-9A1E7A4F7556}") = "YogoPop.Component.Swagger", "YogoPop.Component.Swagger\YogoPop.Component.Swagger.csproj", "{1BFE0089-8E4D-455B-8FC5-B445957F9EE1}"
EndProject
Project("{9A19103F-16F7-4668-BE54-9A1E7A4F7556}") = "YogoPop.Component.Logger", "YogoPop.Component.Logger\YogoPop.Component.Logger.csproj", "{801E850A-57F9-45D5-BB67-214D0507FAE6}"
EndProject
Project("{9A19103F-16F7-4668-BE54-9A1E7A4F7556}") = "YogoPop.Component.Security", "YogoPop.Component.Security\YogoPop.Component.Security.csproj", "{CF5FF985-5D58-458E-AF98-4F7D5BD30663}"
EndProject
Project("{9A19103F-16F7-4668-BE54-9A1E7A4F7556}") = "YogoPop.Component.Permission", "YogoPop.Component.Permission\YogoPop.Component.Permission.csproj", "{38B18962-50B2-40E3-A422-8FC5805532CE}"
EndProject
Project("{9A19103F-16F7-4668-BE54-9A1E7A4F7556}") = "YogoPop.DB.SqlSugar", "YogoPop.DB.SqlSugar\YogoPop.DB.SqlSugar.csproj", "{82F6A89A-3141-46B2-881D-02026E429403}"
EndProject
Project("{9A19103F-16F7-4668-BE54-9A1E7A4F7556}") = "YogoPop.Component.Captcha", "YogoPop.Component.Captcha\YogoPop.Component.Captcha.csproj", "{B838A677-DABF-4904-B098-75C22FFDA3AE}"
EndProject
Project("{9A19103F-16F7-4668-BE54-9A1E7A4F7556}") = "YogoPop.Component.Attachment", "YogoPop.Component.Attachment\YogoPop.Component.Attachment.csproj", "{9AC2513A-3F4E-47D7-A91D-D83DBEEEADFB}"
EndProject
Project("{9A19103F-16F7-4668-BE54-9A1E7A4F7556}") = "YogoPop.Component.VerificationCode", "YogoPop.Component.VerificationCode\YogoPop.Component.VerificationCode.csproj", "{9E995E1F-8047-4BC3-8A38-6D6D364A8C2A}"
EndProject
Project("{9A19103F-16F7-4668-BE54-9A1E7A4F7556}") = "YogoPop.Component.MQ", "YogoPop.Component.MQ\YogoPop.Component.MQ.csproj", "{AB2258CE-94EB-45E1-B03B-A57C6119732C}"
EndProject
Project("{9A19103F-16F7-4668-BE54-9A1E7A4F7556}") = "YogoPop.Component.Dispatcher", "YogoPop.Component.Dispatcher\YogoPop.Component.Dispatcher.csproj", "{3CF34B29-0319-479D-8E93-50F90A982A86}"
EndProject
Project("{9A19103F-16F7-4668-BE54-9A1E7A4F7556}") = "YogoPop.Component.PushNotification", "YogoPop.Component.PushNotification\YogoPop.Component.PushNotification.csproj", "{E42076CE-96DA-4F16-A9A3-4BB791239D3A}"
EndProject
Project("{FAE04EC0-301F-11D3-BF4B-00C04F79EFBC}") = "YogoPop.Component.MultiLang", "YogoPop.Component.MultiLang\YogoPop.Component.MultiLang.csproj", "{058BD37E-FE3A-428C-8D1C-4B8E8FA13DF0}"
EndProject
Project("{FAE04EC0-301F-11D3-BF4B-00C04F79EFBC}") = "YogoPop.Component.WebSocket", "YogoPop.Component.WebSocket\YogoPop.Component.WebSocket.csproj", "{7CA238A8-948D-4B80-A177-4511E0B4197F}"
EndProject
Project("{2150E333-8FDC-42A3-9474-1A3956D46DE8}") = "00 Framework", "00 Framework", "{02EA681E-C7D8-13C7-8484-4AC65E1B71E8}"
EndProject
Project("{2150E333-8FDC-42A3-9474-1A3956D46DE8}") = "01 Demo", "01 Demo", "{9C8C194E-9F14-4444-8A5F-A6AC087DFDCF}"
EndProject
Project("{2150E333-8FDC-42A3-9474-1A3956D46DE8}") = "01 Component", "01 Component", "{6F9E3E7C-8E01-479D-A3D8-250892FDB7F5}"
EndProject
Project("{2150E333-8FDC-42A3-9474-1A3956D46DE8}") = "02 Infrastructure", "02 Infrastructure", "{8229A9F6-37E6-4012-9587-BB470CC79EB0}"
EndProject
Project("{2150E333-8FDC-42A3-9474-1A3956D46DE8}") = "03 Database", "03 Database", "{7B3B3E16-ABDA-4BD3-8E9F-AD00FF7340E3}"
EndProject
Project("{2150E333-8FDC-42A3-9474-1A3956D46DE8}") = "04 Support", "04 Support", "{A337432B-679C-4A31-BA04-07BBFDFC80BD}"
EndProject
Project("{2150E333-8FDC-42A3-9474-1A3956D46DE8}") = "05 Contract", "05 Contract", "{2A04B353-1074-49BF-9C14-AABD7A3E7C15}"
EndProject
Project("{2150E333-8FDC-42A3-9474-1A3956D46DE8}") = "06 Implement", "06 Implement", "{666F46B8-CA0D-46AD-BD94-088FFF9423EC}"
EndProject
Project("{2150E333-8FDC-42A3-9474-1A3956D46DE8}") = "07 Host", "07 Host", "{E4E67D89-FC3C-42BC-B259-375FFBD8EF5D}"
EndProject
Project("{2150E333-8FDC-42A3-9474-1A3956D46DE8}") = "DSP", "DSP", "{8B56685D-70B2-4254-8C33-00E8430A5A4E}"
EndProject
Project("{FAE04EC0-301F-11D3-BF4B-00C04F79EFBC}") = "DForge.Core", "Demo\DForge.Core\DForge.Core.csproj", "{B15C08E9-F126-21ED-6CC9-AC5042E7637F}"
EndProject
Project("{FAE04EC0-301F-11D3-BF4B-00C04F79EFBC}") = "DForge.DynScheduling", "Demo\DForge.DynScheduling\DForge.DynScheduling.csproj", "{10A91A2C-B03B-4C68-8E13-2271B394A71A}"
EndProject
Project("{FAE04EC0-301F-11D3-BF4B-00C04F79EFBC}") = "DForge.DSP", "Demo\DForge.DSP\DForge.DSP.csproj", "{95F5D792-D5D1-4993-8B6F-33D135701BC7}"
EndProject
Project("{FAE04EC0-301F-11D3-BF4B-00C04F79EFBC}") = "DForge.DSP.GoDaddy", "Demo\DForge.DSP.GoDaddy\DForge.DSP.GoDaddy.csproj", "{157DA400-EEFD-FCD6-4FFA-F517B69CACB6}"
EndProject
Project("{FAE04EC0-301F-11D3-BF4B-00C04F79EFBC}") = "DForge.DSP.CloudFlare", "Demo\DForge.DSP.CloudFlare\DForge.DSP.CloudFlare.csproj", "{C3B866C2-147A-4C0C-86FB-F38B5468B68D}"
EndProject
Project("{FAE04EC0-301F-11D3-BF4B-00C04F79EFBC}") = "DForge.Infrastructure", "Demo\DForge.Infrastructure\DForge.Infrastructure.csproj", "{57DF1B91-FCDF-725A-EA61-1166B2DD0049}"
EndProject
Project("{FAE04EC0-301F-11D3-BF4B-00C04F79EFBC}") = "DForge.Database", "Demo\DForge.Database\DForge.Database.csproj", "{D0B9CD2A-105C-47F7-AA25-054DB0877313}"
EndProject
Project("{FAE04EC0-301F-11D3-BF4B-00C04F79EFBC}") = "DForge.Support", "Demo\DForge.Support\DForge.Support.csproj", "{118E819D-D200-4C59-9673-0148BC88E152}"
EndProject
Project("{FAE04EC0-301F-11D3-BF4B-00C04F79EFBC}") = "DForge.Contract", "Demo\DForge.Contract\DForge.Contract.csproj", "{5CA40D9C-C705-4D42-ACB0-B9514CCA8A58}"
EndProject
Project("{FAE04EC0-301F-11D3-BF4B-00C04F79EFBC}") = "DForge.Implement", "Demo\DForge.Implement\DForge.Implement.csproj", "{B99B8DC4-6F92-47C8-9075-8BAD60CC4AC7}"
EndProject
Project("{FAE04EC0-301F-11D3-BF4B-00C04F79EFBC}") = "DForge.Host.Api.Resource", "Demo\DForge.Host.Api.Resource\DForge.Host.Api.Resource.csproj", "{613076E8-B779-491C-A502-36E46FBB6175}"
EndProject
Project("{FAE04EC0-301F-11D3-BF4B-00C04F79EFBC}") = "DForge.Host.Api.SAdmin", "Demo\DForge.Host.Api.SAdmin\DForge.Host.Api.SAdmin.csproj", "{F4F4EF16-534E-46B6-AEFD-97E8F0C4D545}"
EndProject
Project("{FAE04EC0-301F-11D3-BF4B-00C04F79EFBC}") = "DForge.Host.Tsk.SAdmin", "Demo\DForge.Host.Tsk.SAdmin\DForge.Host.Tsk.SAdmin.csproj", "{CDEEF6BC-CA05-45A3-A163-84F658B0FD2A}"
EndProject
Project("{FAE04EC0-301F-11D3-BF4B-00C04F79EFBC}") = "YogoPop.Component.DataVisibility", "YogoPop.Component.DataVisibility\YogoPop.Component.DataVisibility.csproj", "{22D06B3C-EA22-47AA-99EB-35333823D903}"
EndProject
Global
	GlobalSection(SolutionConfigurationPlatforms) = preSolution
		Debug|Any CPU = Debug|Any CPU
		Release|Any CPU = Release|Any CPU
	EndGlobalSection
	GlobalSection(ProjectConfigurationPlatforms) = postSolution
		{0FBE6E4C-C782-4F70-9B2E-440B8F5AC2D3}.Debug|Any CPU.ActiveCfg = Debug|Any CPU
		{0FBE6E4C-C782-4F70-9B2E-440B8F5AC2D3}.Debug|Any CPU.Build.0 = Debug|Any CPU
		{0FBE6E4C-C782-4F70-9B2E-440B8F5AC2D3}.Release|Any CPU.ActiveCfg = Release|Any CPU
		{0FBE6E4C-C782-4F70-9B2E-440B8F5AC2D3}.Release|Any CPU.Build.0 = Release|Any CPU
		{2E43B693-E354-43D2-9C77-AE5490953C75}.Debug|Any CPU.ActiveCfg = Debug|Any CPU
		{2E43B693-E354-43D2-9C77-AE5490953C75}.Debug|Any CPU.Build.0 = Debug|Any CPU
		{2E43B693-E354-43D2-9C77-AE5490953C75}.Release|Any CPU.ActiveCfg = Release|Any CPU
		{2E43B693-E354-43D2-9C77-AE5490953C75}.Release|Any CPU.Build.0 = Release|Any CPU
		{27192D48-FA29-4498-8C1E-616D708558B5}.Debug|Any CPU.ActiveCfg = Debug|Any CPU
		{27192D48-FA29-4498-8C1E-616D708558B5}.Debug|Any CPU.Build.0 = Debug|Any CPU
		{27192D48-FA29-4498-8C1E-616D708558B5}.Release|Any CPU.ActiveCfg = Release|Any CPU
		{27192D48-FA29-4498-8C1E-616D708558B5}.Release|Any CPU.Build.0 = Release|Any CPU
		{143599BA-C5AA-4C19-8C86-C569658B81E9}.Debug|Any CPU.ActiveCfg = Debug|Any CPU
		{143599BA-C5AA-4C19-8C86-C569658B81E9}.Debug|Any CPU.Build.0 = Debug|Any CPU
		{143599BA-C5AA-4C19-8C86-C569658B81E9}.Release|Any CPU.ActiveCfg = Release|Any CPU
		{143599BA-C5AA-4C19-8C86-C569658B81E9}.Release|Any CPU.Build.0 = Release|Any CPU
		{6B693284-4CE1-42F2-B87B-74E573A55FAB}.Debug|Any CPU.ActiveCfg = Debug|Any CPU
		{6B693284-4CE1-42F2-B87B-74E573A55FAB}.Debug|Any CPU.Build.0 = Debug|Any CPU
		{6B693284-4CE1-42F2-B87B-74E573A55FAB}.Release|Any CPU.ActiveCfg = Release|Any CPU
		{6B693284-4CE1-42F2-B87B-74E573A55FAB}.Release|Any CPU.Build.0 = Release|Any CPU
		{A70FC3B6-4CA2-40B8-918B-C905EC12B14F}.Debug|Any CPU.ActiveCfg = Debug|Any CPU
		{A70FC3B6-4CA2-40B8-918B-C905EC12B14F}.Debug|Any CPU.Build.0 = Debug|Any CPU
		{A70FC3B6-4CA2-40B8-918B-C905EC12B14F}.Release|Any CPU.ActiveCfg = Release|Any CPU
		{A70FC3B6-4CA2-40B8-918B-C905EC12B14F}.Release|Any CPU.Build.0 = Release|Any CPU
		{1BFE0089-8E4D-455B-8FC5-B445957F9EE1}.Debug|Any CPU.ActiveCfg = Debug|Any CPU
		{1BFE0089-8E4D-455B-8FC5-B445957F9EE1}.Debug|Any CPU.Build.0 = Debug|Any CPU
		{1BFE0089-8E4D-455B-8FC5-B445957F9EE1}.Release|Any CPU.ActiveCfg = Release|Any CPU
		{1BFE0089-8E4D-455B-8FC5-B445957F9EE1}.Release|Any CPU.Build.0 = Release|Any CPU
		{801E850A-57F9-45D5-BB67-214D0507FAE6}.Debug|Any CPU.ActiveCfg = Debug|Any CPU
		{801E850A-57F9-45D5-BB67-214D0507FAE6}.Debug|Any CPU.Build.0 = Debug|Any CPU
		{801E850A-57F9-45D5-BB67-214D0507FAE6}.Release|Any CPU.ActiveCfg = Release|Any CPU
		{801E850A-57F9-45D5-BB67-214D0507FAE6}.Release|Any CPU.Build.0 = Release|Any CPU
		{CF5FF985-5D58-458E-AF98-4F7D5BD30663}.Debug|Any CPU.ActiveCfg = Debug|Any CPU
		{CF5FF985-5D58-458E-AF98-4F7D5BD30663}.Debug|Any CPU.Build.0 = Debug|Any CPU
		{CF5FF985-5D58-458E-AF98-4F7D5BD30663}.Release|Any CPU.ActiveCfg = Release|Any CPU
		{CF5FF985-5D58-458E-AF98-4F7D5BD30663}.Release|Any CPU.Build.0 = Release|Any CPU
		{38B18962-50B2-40E3-A422-8FC5805532CE}.Debug|Any CPU.ActiveCfg = Debug|Any CPU
		{38B18962-50B2-40E3-A422-8FC5805532CE}.Debug|Any CPU.Build.0 = Debug|Any CPU
		{38B18962-50B2-40E3-A422-8FC5805532CE}.Release|Any CPU.ActiveCfg = Release|Any CPU
		{38B18962-50B2-40E3-A422-8FC5805532CE}.Release|Any CPU.Build.0 = Release|Any CPU
		{82F6A89A-3141-46B2-881D-02026E429403}.Debug|Any CPU.ActiveCfg = Debug|Any CPU
		{82F6A89A-3141-46B2-881D-02026E429403}.Debug|Any CPU.Build.0 = Debug|Any CPU
		{82F6A89A-3141-46B2-881D-02026E429403}.Release|Any CPU.ActiveCfg = Release|Any CPU
		{82F6A89A-3141-46B2-881D-02026E429403}.Release|Any CPU.Build.0 = Release|Any CPU
		{B838A677-DABF-4904-B098-75C22FFDA3AE}.Debug|Any CPU.ActiveCfg = Debug|Any CPU
		{B838A677-DABF-4904-B098-75C22FFDA3AE}.Debug|Any CPU.Build.0 = Debug|Any CPU
		{B838A677-DABF-4904-B098-75C22FFDA3AE}.Release|Any CPU.ActiveCfg = Release|Any CPU
		{B838A677-DABF-4904-B098-75C22FFDA3AE}.Release|Any CPU.Build.0 = Release|Any CPU
		{9AC2513A-3F4E-47D7-A91D-D83DBEEEADFB}.Debug|Any CPU.ActiveCfg = Debug|Any CPU
		{9AC2513A-3F4E-47D7-A91D-D83DBEEEADFB}.Debug|Any CPU.Build.0 = Debug|Any CPU
		{9AC2513A-3F4E-47D7-A91D-D83DBEEEADFB}.Release|Any CPU.ActiveCfg = Release|Any CPU
		{9AC2513A-3F4E-47D7-A91D-D83DBEEEADFB}.Release|Any CPU.Build.0 = Release|Any CPU
		{9E995E1F-8047-4BC3-8A38-6D6D364A8C2A}.Debug|Any CPU.ActiveCfg = Debug|Any CPU
		{9E995E1F-8047-4BC3-8A38-6D6D364A8C2A}.Debug|Any CPU.Build.0 = Debug|Any CPU
		{9E995E1F-8047-4BC3-8A38-6D6D364A8C2A}.Release|Any CPU.ActiveCfg = Release|Any CPU
		{9E995E1F-8047-4BC3-8A38-6D6D364A8C2A}.Release|Any CPU.Build.0 = Release|Any CPU
		{AB2258CE-94EB-45E1-B03B-A57C6119732C}.Debug|Any CPU.ActiveCfg = Debug|Any CPU
		{AB2258CE-94EB-45E1-B03B-A57C6119732C}.Debug|Any CPU.Build.0 = Debug|Any CPU
		{AB2258CE-94EB-45E1-B03B-A57C6119732C}.Release|Any CPU.ActiveCfg = Release|Any CPU
		{AB2258CE-94EB-45E1-B03B-A57C6119732C}.Release|Any CPU.Build.0 = Release|Any CPU
		{3CF34B29-0319-479D-8E93-50F90A982A86}.Debug|Any CPU.ActiveCfg = Debug|Any CPU
		{3CF34B29-0319-479D-8E93-50F90A982A86}.Debug|Any CPU.Build.0 = Debug|Any CPU
		{3CF34B29-0319-479D-8E93-50F90A982A86}.Release|Any CPU.ActiveCfg = Release|Any CPU
		{3CF34B29-0319-479D-8E93-50F90A982A86}.Release|Any CPU.Build.0 = Release|Any CPU
		{E42076CE-96DA-4F16-A9A3-4BB791239D3A}.Debug|Any CPU.ActiveCfg = Debug|Any CPU
		{E42076CE-96DA-4F16-A9A3-4BB791239D3A}.Debug|Any CPU.Build.0 = Debug|Any CPU
		{E42076CE-96DA-4F16-A9A3-4BB791239D3A}.Release|Any CPU.ActiveCfg = Release|Any CPU
		{E42076CE-96DA-4F16-A9A3-4BB791239D3A}.Release|Any CPU.Build.0 = Release|Any CPU
		{058BD37E-FE3A-428C-8D1C-4B8E8FA13DF0}.Debug|Any CPU.ActiveCfg = Debug|Any CPU
		{058BD37E-FE3A-428C-8D1C-4B8E8FA13DF0}.Debug|Any CPU.Build.0 = Debug|Any CPU
		{058BD37E-FE3A-428C-8D1C-4B8E8FA13DF0}.Release|Any CPU.ActiveCfg = Release|Any CPU
		{058BD37E-FE3A-428C-8D1C-4B8E8FA13DF0}.Release|Any CPU.Build.0 = Release|Any CPU
		{7CA238A8-948D-4B80-A177-4511E0B4197F}.Debug|Any CPU.ActiveCfg = Debug|Any CPU
		{7CA238A8-948D-4B80-A177-4511E0B4197F}.Debug|Any CPU.Build.0 = Debug|Any CPU
		{7CA238A8-948D-4B80-A177-4511E0B4197F}.Release|Any CPU.ActiveCfg = Release|Any CPU
		{7CA238A8-948D-4B80-A177-4511E0B4197F}.Release|Any CPU.Build.0 = Release|Any CPU
		{B15C08E9-F126-21ED-6CC9-AC5042E7637F}.Debug|Any CPU.ActiveCfg = Debug|Any CPU
		{B15C08E9-F126-21ED-6CC9-AC5042E7637F}.Debug|Any CPU.Build.0 = Debug|Any CPU
		{B15C08E9-F126-21ED-6CC9-AC5042E7637F}.Release|Any CPU.ActiveCfg = Release|Any CPU
		{B15C08E9-F126-21ED-6CC9-AC5042E7637F}.Release|Any CPU.Build.0 = Release|Any CPU
		{10A91A2C-B03B-4C68-8E13-2271B394A71A}.Debug|Any CPU.ActiveCfg = Debug|Any CPU
		{10A91A2C-B03B-4C68-8E13-2271B394A71A}.Debug|Any CPU.Build.0 = Debug|Any CPU
		{10A91A2C-B03B-4C68-8E13-2271B394A71A}.Release|Any CPU.ActiveCfg = Release|Any CPU
		{10A91A2C-B03B-4C68-8E13-2271B394A71A}.Release|Any CPU.Build.0 = Release|Any CPU
		{95F5D792-D5D1-4993-8B6F-33D135701BC7}.Debug|Any CPU.ActiveCfg = Debug|Any CPU
		{95F5D792-D5D1-4993-8B6F-33D135701BC7}.Debug|Any CPU.Build.0 = Debug|Any CPU
		{95F5D792-D5D1-4993-8B6F-33D135701BC7}.Release|Any CPU.ActiveCfg = Release|Any CPU
		{95F5D792-D5D1-4993-8B6F-33D135701BC7}.Release|Any CPU.Build.0 = Release|Any CPU
		{157DA400-EEFD-FCD6-4FFA-F517B69CACB6}.Debug|Any CPU.ActiveCfg = Debug|Any CPU
		{157DA400-EEFD-FCD6-4FFA-F517B69CACB6}.Debug|Any CPU.Build.0 = Debug|Any CPU
		{157DA400-EEFD-FCD6-4FFA-F517B69CACB6}.Release|Any CPU.ActiveCfg = Release|Any CPU
		{157DA400-EEFD-FCD6-4FFA-F517B69CACB6}.Release|Any CPU.Build.0 = Release|Any CPU
		{C3B866C2-147A-4C0C-86FB-F38B5468B68D}.Debug|Any CPU.ActiveCfg = Debug|Any CPU
		{C3B866C2-147A-4C0C-86FB-F38B5468B68D}.Debug|Any CPU.Build.0 = Debug|Any CPU
		{C3B866C2-147A-4C0C-86FB-F38B5468B68D}.Release|Any CPU.ActiveCfg = Release|Any CPU
		{C3B866C2-147A-4C0C-86FB-F38B5468B68D}.Release|Any CPU.Build.0 = Release|Any CPU
		{57DF1B91-FCDF-725A-EA61-1166B2DD0049}.Debug|Any CPU.ActiveCfg = Debug|Any CPU
		{57DF1B91-FCDF-725A-EA61-1166B2DD0049}.Debug|Any CPU.Build.0 = Debug|Any CPU
		{57DF1B91-FCDF-725A-EA61-1166B2DD0049}.Release|Any CPU.ActiveCfg = Release|Any CPU
		{57DF1B91-FCDF-725A-EA61-1166B2DD0049}.Release|Any CPU.Build.0 = Release|Any CPU
		{D0B9CD2A-105C-47F7-AA25-054DB0877313}.Debug|Any CPU.ActiveCfg = Debug|Any CPU
		{D0B9CD2A-105C-47F7-AA25-054DB0877313}.Debug|Any CPU.Build.0 = Debug|Any CPU
		{D0B9CD2A-105C-47F7-AA25-054DB0877313}.Release|Any CPU.ActiveCfg = Release|Any CPU
		{D0B9CD2A-105C-47F7-AA25-054DB0877313}.Release|Any CPU.Build.0 = Release|Any CPU
		{118E819D-D200-4C59-9673-0148BC88E152}.Debug|Any CPU.ActiveCfg = Debug|Any CPU
		{118E819D-D200-4C59-9673-0148BC88E152}.Debug|Any CPU.Build.0 = Debug|Any CPU
		{118E819D-D200-4C59-9673-0148BC88E152}.Release|Any CPU.ActiveCfg = Release|Any CPU
		{118E819D-D200-4C59-9673-0148BC88E152}.Release|Any CPU.Build.0 = Release|Any CPU
		{5CA40D9C-C705-4D42-ACB0-B9514CCA8A58}.Debug|Any CPU.ActiveCfg = Debug|Any CPU
		{5CA40D9C-C705-4D42-ACB0-B9514CCA8A58}.Debug|Any CPU.Build.0 = Debug|Any CPU
		{5CA40D9C-C705-4D42-ACB0-B9514CCA8A58}.Release|Any CPU.ActiveCfg = Release|Any CPU
		{5CA40D9C-C705-4D42-ACB0-B9514CCA8A58}.Release|Any CPU.Build.0 = Release|Any CPU
		{B99B8DC4-6F92-47C8-9075-8BAD60CC4AC7}.Debug|Any CPU.ActiveCfg = Debug|Any CPU
		{B99B8DC4-6F92-47C8-9075-8BAD60CC4AC7}.Debug|Any CPU.Build.0 = Debug|Any CPU
		{B99B8DC4-6F92-47C8-9075-8BAD60CC4AC7}.Release|Any CPU.ActiveCfg = Release|Any CPU
		{B99B8DC4-6F92-47C8-9075-8BAD60CC4AC7}.Release|Any CPU.Build.0 = Release|Any CPU
		{613076E8-B779-491C-A502-36E46FBB6175}.Debug|Any CPU.ActiveCfg = Debug|Any CPU
		{613076E8-B779-491C-A502-36E46FBB6175}.Debug|Any CPU.Build.0 = Debug|Any CPU
		{613076E8-B779-491C-A502-36E46FBB6175}.Release|Any CPU.ActiveCfg = Release|Any CPU
		{613076E8-B779-491C-A502-36E46FBB6175}.Release|Any CPU.Build.0 = Release|Any CPU
		{F4F4EF16-534E-46B6-AEFD-97E8F0C4D545}.Debug|Any CPU.ActiveCfg = Debug|Any CPU
		{F4F4EF16-534E-46B6-AEFD-97E8F0C4D545}.Debug|Any CPU.Build.0 = Debug|Any CPU
		{F4F4EF16-534E-46B6-AEFD-97E8F0C4D545}.Release|Any CPU.ActiveCfg = Release|Any CPU
		{F4F4EF16-534E-46B6-AEFD-97E8F0C4D545}.Release|Any CPU.Build.0 = Release|Any CPU
		{CDEEF6BC-CA05-45A3-A163-84F658B0FD2A}.Debug|Any CPU.ActiveCfg = Debug|Any CPU
		{CDEEF6BC-CA05-45A3-A163-84F658B0FD2A}.Debug|Any CPU.Build.0 = Debug|Any CPU
		{CDEEF6BC-CA05-45A3-A163-84F658B0FD2A}.Release|Any CPU.ActiveCfg = Release|Any CPU
		{CDEEF6BC-CA05-45A3-A163-84F658B0FD2A}.Release|Any CPU.Build.0 = Release|Any CPU
		{22D06B3C-EA22-47AA-99EB-35333823D903}.Debug|Any CPU.ActiveCfg = Debug|Any CPU
		{22D06B3C-EA22-47AA-99EB-35333823D903}.Debug|Any CPU.Build.0 = Debug|Any CPU
		{22D06B3C-EA22-47AA-99EB-35333823D903}.Release|Any CPU.ActiveCfg = Release|Any CPU
		{22D06B3C-EA22-47AA-99EB-35333823D903}.Release|Any CPU.Build.0 = Release|Any CPU
	EndGlobalSection
	GlobalSection(SolutionProperties) = preSolution
		HideSolutionNode = FALSE
	EndGlobalSection
	GlobalSection(NestedProjects) = preSolution
		{5F036CD8-0FBD-4DB2-B92B-3A4BB552FF09} = {02EA681E-C7D8-13C7-8484-4AC65E1B71E8}
		{0BFD602C-477C-421C-9B01-DE970D9A43A0} = {02EA681E-C7D8-13C7-8484-4AC65E1B71E8}
		{5808BF08-74C7-4D00-8CE5-3328EF1AE981} = {02EA681E-C7D8-13C7-8484-4AC65E1B71E8}
		{E6CAF6B1-3958-4ABB-A8E4-A0E45D707624} = {02EA681E-C7D8-13C7-8484-4AC65E1B71E8}
		{0FBE6E4C-C782-4F70-9B2E-440B8F5AC2D3} = {5F036CD8-0FBD-4DB2-B92B-3A4BB552FF09}
		{2E43B693-E354-43D2-9C77-AE5490953C75} = {E6CAF6B1-3958-4ABB-A8E4-A0E45D707624}
		{27192D48-FA29-4498-8C1E-616D708558B5} = {5808BF08-74C7-4D00-8CE5-3328EF1AE981}
		{143599BA-C5AA-4C19-8C86-C569658B81E9} = {5808BF08-74C7-4D00-8CE5-3328EF1AE981}
		{6B693284-4CE1-42F2-B87B-74E573A55FAB} = {0BFD602C-477C-421C-9B01-DE970D9A43A0}
		{A70FC3B6-4CA2-40B8-918B-C905EC12B14F} = {0BFD602C-477C-421C-9B01-DE970D9A43A0}
		{1BFE0089-8E4D-455B-8FC5-B445957F9EE1} = {5808BF08-74C7-4D00-8CE5-3328EF1AE981}
		{801E850A-57F9-45D5-BB67-214D0507FAE6} = {5808BF08-74C7-4D00-8CE5-3328EF1AE981}
		{CF5FF985-5D58-458E-AF98-4F7D5BD30663} = {5808BF08-74C7-4D00-8CE5-3328EF1AE981}
		{38B18962-50B2-40E3-A422-8FC5805532CE} = {5808BF08-74C7-4D00-8CE5-3328EF1AE981}
		{82F6A89A-3141-46B2-881D-02026E429403} = {0BFD602C-477C-421C-9B01-DE970D9A43A0}
		{B838A677-DABF-4904-B098-75C22FFDA3AE} = {5808BF08-74C7-4D00-8CE5-3328EF1AE981}
		{9AC2513A-3F4E-47D7-A91D-D83DBEEEADFB} = {5808BF08-74C7-4D00-8CE5-3328EF1AE981}
		{9E995E1F-8047-4BC3-8A38-6D6D364A8C2A} = {5808BF08-74C7-4D00-8CE5-3328EF1AE981}
		{AB2258CE-94EB-45E1-B03B-A57C6119732C} = {5808BF08-74C7-4D00-8CE5-3328EF1AE981}
		{3CF34B29-0319-479D-8E93-50F90A982A86} = {5808BF08-74C7-4D00-8CE5-3328EF1AE981}
		{E42076CE-96DA-4F16-A9A3-4BB791239D3A} = {5808BF08-74C7-4D00-8CE5-3328EF1AE981}
		{058BD37E-FE3A-428C-8D1C-4B8E8FA13DF0} = {5808BF08-74C7-4D00-8CE5-3328EF1AE981}
		{7CA238A8-948D-4B80-A177-4511E0B4197F} = {5808BF08-74C7-4D00-8CE5-3328EF1AE981}
		{6F9E3E7C-8E01-479D-A3D8-250892FDB7F5} = {9C8C194E-9F14-4444-8A5F-A6AC087DFDCF}
		{8229A9F6-37E6-4012-9587-BB470CC79EB0} = {9C8C194E-9F14-4444-8A5F-A6AC087DFDCF}
		{7B3B3E16-ABDA-4BD3-8E9F-AD00FF7340E3} = {9C8C194E-9F14-4444-8A5F-A6AC087DFDCF}
		{A337432B-679C-4A31-BA04-07BBFDFC80BD} = {9C8C194E-9F14-4444-8A5F-A6AC087DFDCF}
		{2A04B353-1074-49BF-9C14-AABD7A3E7C15} = {9C8C194E-9F14-4444-8A5F-A6AC087DFDCF}
		{666F46B8-CA0D-46AD-BD94-088FFF9423EC} = {9C8C194E-9F14-4444-8A5F-A6AC087DFDCF}
		{E4E67D89-FC3C-42BC-B259-375FFBD8EF5D} = {9C8C194E-9F14-4444-8A5F-A6AC087DFDCF}
		{8B56685D-70B2-4254-8C33-00E8430A5A4E} = {6F9E3E7C-8E01-479D-A3D8-250892FDB7F5}
		{B15C08E9-F126-21ED-6CC9-AC5042E7637F} = {6F9E3E7C-8E01-479D-A3D8-250892FDB7F5}
		{10A91A2C-B03B-4C68-8E13-2271B394A71A} = {6F9E3E7C-8E01-479D-A3D8-250892FDB7F5}
		{95F5D792-D5D1-4993-8B6F-33D135701BC7} = {8B56685D-70B2-4254-8C33-00E8430A5A4E}
		{157DA400-EEFD-FCD6-4FFA-F517B69CACB6} = {8B56685D-70B2-4254-8C33-00E8430A5A4E}
		{C3B866C2-147A-4C0C-86FB-F38B5468B68D} = {8B56685D-70B2-4254-8C33-00E8430A5A4E}
		{57DF1B91-FCDF-725A-EA61-1166B2DD0049} = {8229A9F6-37E6-4012-9587-BB470CC79EB0}
		{D0B9CD2A-105C-47F7-AA25-054DB0877313} = {7B3B3E16-ABDA-4BD3-8E9F-AD00FF7340E3}
		{118E819D-D200-4C59-9673-0148BC88E152} = {A337432B-679C-4A31-BA04-07BBFDFC80BD}
		{5CA40D9C-C705-4D42-ACB0-B9514CCA8A58} = {2A04B353-1074-49BF-9C14-AABD7A3E7C15}
		{B99B8DC4-6F92-47C8-9075-8BAD60CC4AC7} = {666F46B8-CA0D-46AD-BD94-088FFF9423EC}
		{613076E8-B779-491C-A502-36E46FBB6175} = {E4E67D89-FC3C-42BC-B259-375FFBD8EF5D}
		{F4F4EF16-534E-46B6-AEFD-97E8F0C4D545} = {E4E67D89-FC3C-42BC-B259-375FFBD8EF5D}
		{CDEEF6BC-CA05-45A3-A163-84F658B0FD2A} = {E4E67D89-FC3C-42BC-B259-375FFBD8EF5D}
		{22D06B3C-EA22-47AA-99EB-35333823D903} = {5808BF08-74C7-4D00-8CE5-3328EF1AE981}
	EndGlobalSection
	GlobalSection(ExtensibilityGlobals) = postSolution
		SolutionGuid = {2F08536B-613A-4928-AC8E-B645CC5E7829}
	EndGlobalSection
EndGlobal
